
Microsoft Visual Studio Solution File, Format Version 12.00
# Visual Studio Version 17
VisualStudioVersion = 17.6.33712.159
MinimumVisualStudioVersion = 10.0.40219.1
Project("{FAE04EC0-301F-11D3-BF4B-00C04F79EFBC}") = "L4Q3-Shopping Cart", "L4Q3-Shopping Cart.csproj", "{F1291727-EA81-4DE4-B60E-8083B0C9A918}"
EndProject
Global
	GlobalSection(SolutionConfigurationPlatforms) = preSolution
		Debug|Any CPU = Debug|Any CPU
		Release|Any CPU = Release|Any CPU
	EndGlobalSection
	GlobalSection(ProjectConfigurationPlatforms) = postSolution
		{F1291727-EA81-4DE4-B60E-8083B0C9A918}.Debug|Any CPU.ActiveCfg = Debug|Any CPU
		{F1291727-EA81-4DE4-B60E-8083B0C9A918}.Debug|Any CPU.Build.0 = Debug|Any CPU
		{F1291727-EA81-4DE4-B60E-8083B0C9A918}.Release|Any CPU.ActiveCfg = Release|Any CPU
		{F1291727-EA81-4DE4-B60E-8083B0C9A918}.Release|Any CPU.Build.0 = Release|Any CPU
	EndGlobalSection
	GlobalSection(SolutionProperties) = preSolution
		HideSolutionNode = FALSE
	EndGlobalSection
	GlobalSection(ExtensibilityGlobals) = postSolution
		SolutionGuid = {CD476D68-EC10-4113-BAC7-3BF0D10CF041}
	EndGlobalSection
EndGlobal
