
Microsoft Visual Studio Solution File, Format Version 12.00
# Visual Studio Version 17
VisualStudioVersion = 17.6.33712.159
MinimumVisualStudioVersion = 10.0.40219.1
Project("{FAE04EC0-301F-11D3-BF4B-00C04F79EFBC}") = "L4Q2-Session State", "L4Q2-Session State.csproj", "{17919985-6DCB-4DF5-8063-20027D7DB681}"
EndProject
Global
	GlobalSection(SolutionConfigurationPlatforms) = preSolution
		Debug|Any CPU = Debug|Any CPU
		Release|Any CPU = Release|Any CPU
	EndGlobalSection
	GlobalSection(ProjectConfigurationPlatforms) = postSolution
		{17919985-6DCB-4DF5-8063-20027D7DB681}.Debug|Any CPU.ActiveCfg = Debug|Any CPU
		{17919985-6DCB-4DF5-8063-20027D7DB681}.Debug|Any CPU.Build.0 = Debug|Any CPU
		{17919985-6DCB-4DF5-8063-20027D7DB681}.Release|Any CPU.ActiveCfg = Release|Any CPU
		{17919985-6DCB-4DF5-8063-20027D7DB681}.Release|Any CPU.Build.0 = Release|Any CPU
	EndGlobalSection
	GlobalSection(SolutionProperties) = preSolution
		HideSolutionNode = FALSE
	EndGlobalSection
	GlobalSection(ExtensibilityGlobals) = postSolution
		SolutionGuid = {7BBF28E8-618A-4DE6-81BF-4C197CA15A4E}
	EndGlobalSection
EndGlobal
